
Microsoft Visual Studio Solution File, Format Version 12.00
# Visual Studio Version 17
VisualStudioVersion = 17.14.36511.14 d17.14
MinimumVisualStudioVersion = 10.0.40219.1
Project("{FAE04EC0-301F-11D3-BF4B-00C04F79EFBC}") = "Lab2", "Lab2\Lab2.csproj", "{308E0ECD-190B-4184-BD61-3E8B03E9A5B7}"
EndProject
Project("{FAE04EC0-301F-11D3-BF4B-00C04F79EFBC}") = "ConsoleAppLab2", "ConsoleAppLab2\ConsoleAppLab2.csproj", "{A653CF2A-0A78-4F36-BABA-B10375F47B40}"
EndProject
Project("{FAE04EC0-301F-11D3-BF4B-00C04F79EFBC}") = "TestLab2", "TestLab2\TestLab2.csproj", "{C6F3545C-6FB0-4F85-9B88-AD81DF26A72C}"
EndProject
Global
	GlobalSection(SolutionConfigurationPlatforms) = preSolution
		Debug|Any CPU = Debug|Any CPU
		Release|Any CPU = Release|Any CPU
	EndGlobalSection
	GlobalSection(ProjectConfigurationPlatforms) = postSolution
		{308E0ECD-190B-4184-BD61-3E8B03E9A5B7}.Debug|Any CPU.ActiveCfg = Debug|Any CPU
		{308E0ECD-190B-4184-BD61-3E8B03E9A5B7}.Debug|Any CPU.Build.0 = Debug|Any CPU
		{308E0ECD-190B-4184-BD61-3E8B03E9A5B7}.Release|Any CPU.ActiveCfg = Release|Any CPU
		{308E0ECD-190B-4184-BD61-3E8B03E9A5B7}.Release|Any CPU.Build.0 = Release|Any CPU
		{A653CF2A-0A78-4F36-BABA-B10375F47B40}.Debug|Any CPU.ActiveCfg = Debug|Any CPU
		{A653CF2A-0A78-4F36-BABA-B10375F47B40}.Debug|Any CPU.Build.0 = Debug|Any CPU
		{A653CF2A-0A78-4F36-BABA-B10375F47B40}.Release|Any CPU.ActiveCfg = Release|Any CPU
		{A653CF2A-0A78-4F36-BABA-B10375F47B40}.Release|Any CPU.Build.0 = Release|Any CPU
		{C6F3545C-6FB0-4F85-9B88-AD81DF26A72C}.Debug|Any CPU.ActiveCfg = Debug|Any CPU
		{C6F3545C-6FB0-4F85-9B88-AD81DF26A72C}.Debug|Any CPU.Build.0 = Debug|Any CPU
		{C6F3545C-6FB0-4F85-9B88-AD81DF26A72C}.Release|Any CPU.ActiveCfg = Release|Any CPU
		{C6F3545C-6FB0-4F85-9B88-AD81DF26A72C}.Release|Any CPU.Build.0 = Release|Any CPU
	EndGlobalSection
	GlobalSection(SolutionProperties) = preSolution
		HideSolutionNode = FALSE
	EndGlobalSection
	GlobalSection(ExtensibilityGlobals) = postSolution
		SolutionGuid = {E77632D2-C108-45E0-BE3D-A0A04E2B2606}
	EndGlobalSection
EndGlobal
